// !$*UTF8*$!
{
	archiveVersion = 1;
	classes = {
	};
	objectVersion = 56;
	objects = {

/* Begin PBXBuildFile section */
		694667B022811A35EA818EBE /* Pods_TarefasTests.framework in Frameworks */ = {isa = PBXBuildFile; fileRef = 8B136F6A653A2F8E1504447C /* Pods_TarefasTests.framework */; };
		77A6489B1AC09FA6FC5C0EF8 /* Pods_Tarefas.framework in Frameworks */ = {isa = PBXBuildFile; fileRef = C28B40526DDA04A9F5A6FB92 /* Pods_Tarefas.framework */; };
		7DC372B62B6D7026001ABD39 /* AppDelegate.swift in Sources */ = {isa = PBXBuildFile; fileRef = 7DC372B52B6D7026001ABD39 /* AppDelegate.swift */; };
		7DC372B82B6D7026001ABD39 /* SceneDelegate.swift in Sources */ = {isa = PBXBuildFile; fileRef = 7DC372B72B6D7026001ABD39 /* SceneDelegate.swift */; };
		7DC372BA2B6D7026001ABD39 /* ViewController.swift in Sources */ = {isa = PBXBuildFile; fileRef = 7DC372B92B6D7026001ABD39 /* ViewController.swift */; };
		7DC372BD2B6D7027001ABD39 /* Main.storyboard in Resources */ = {isa = PBXBuildFile; fileRef = 7DC372BB2B6D7027001ABD39 /* Main.storyboard */; };
		7DC372BF2B6D7029001ABD39 /* Assets.xcassets in Resources */ = {isa = PBXBuildFile; fileRef = 7DC372BE2B6D7029001ABD39 /* Assets.xcassets */; };
		7DC372C22B6D7029001ABD39 /* LaunchScreen.storyboard in Resources */ = {isa = PBXBuildFile; fileRef = 7DC372C02B6D7029001ABD39 /* LaunchScreen.storyboard */; };
		7DC372CD2B6D7029001ABD39 /* TarefasTests.swift in Sources */ = {isa = PBXBuildFile; fileRef = 7DC372CC2B6D7029001ABD39 /* TarefasTests.swift */; };
		7DC372D72B6D7029001ABD39 /* TarefasUITests.swift in Sources */ = {isa = PBXBuildFile; fileRef = 7DC372D62B6D7029001ABD39 /* TarefasUITests.swift */; };
		7DC372D92B6D7029001ABD39 /* TarefasUITestsLaunchTests.swift in Sources */ = {isa = PBXBuildFile; fileRef = 7DC372D82B6D7029001ABD39 /* TarefasUITestsLaunchTests.swift */; };
		7DC372E62B6D70FF001ABD39 /* Sources in Resources */ = {isa = PBXBuildFile; fileRef = 7DC372E52B6D70FE001ABD39 /* Sources */; };
		A63B38E531066A9C9146B482 /* Pods_Tarefas_TarefasUITests.framework in Frameworks */ = {isa = PBXBuildFile; fileRef = C7188BA641D306CD77AEA148 /* Pods_Tarefas_TarefasUITests.framework */; };
/* End PBXBuildFile section */

/* Begin PBXContainerItemProxy section */
		7DC372C92B6D7029001ABD39 /* PBXContainerItemProxy */ = {
			isa = PBXContainerItemProxy;
			containerPortal = 7DC372AA2B6D7026001ABD39 /* Project object */;
			proxyType = 1;
			remoteGlobalIDString = 7DC372B12B6D7026001ABD39;
			remoteInfo = Tarefas;
		};
		7DC372D32B6D7029001ABD39 /* PBXContainerItemProxy */ = {
			isa = PBXContainerItemProxy;
			containerPortal = 7DC372AA2B6D7026001ABD39 /* Project object */;
			proxyType = 1;
			remoteGlobalIDString = 7DC372B12B6D7026001ABD39;
			remoteInfo = Tarefas;
		};
/* End PBXContainerItemProxy section */

/* Begin PBXFileReference section */
		26B937286C108C82C140AC6F /* Pods-TarefasTests.debug.xcconfig */ = {isa = PBXFileReference; includeInIndex = 1; lastKnownFileType = text.xcconfig; name = "Pods-TarefasTests.debug.xcconfig"; path = "Target Support Files/Pods-TarefasTests/Pods-TarefasTests.debug.xcconfig"; sourceTree = "<group>"; };
		416ED34D4DBCB316141B2B16 /* Pods-Tarefas.debug.xcconfig */ = {isa = PBXFileReference; includeInIndex = 1; lastKnownFileType = text.xcconfig; name = "Pods-Tarefas.debug.xcconfig"; path = "Target Support Files/Pods-Tarefas/Pods-Tarefas.debug.xcconfig"; sourceTree = "<group>"; };
		668056C3A92717F3DFD658CE /* Pods-Tarefas.release.xcconfig */ = {isa = PBXFileReference; includeInIndex = 1; lastKnownFileType = text.xcconfig; name = "Pods-Tarefas.release.xcconfig"; path = "Target Support Files/Pods-Tarefas/Pods-Tarefas.release.xcconfig"; sourceTree = "<group>"; };
		7DC372B22B6D7026001ABD39 /* Tarefas.app */ = {isa = PBXFileReference; explicitFileType = wrapper.application; includeInIndex = 0; path = Tarefas.app; sourceTree = BUILT_PRODUCTS_DIR; };
		7DC372B52B6D7026001ABD39 /* AppDelegate.swift */ = {isa = PBXFileReference; lastKnownFileType = sourcecode.swift; path = AppDelegate.swift; sourceTree = "<group>"; };
		7DC372B72B6D7026001ABD39 /* SceneDelegate.swift */ = {isa = PBXFileReference; lastKnownFileType = sourcecode.swift; path = SceneDelegate.swift; sourceTree = "<group>"; };
		7DC372B92B6D7026001ABD39 /* ViewController.swift */ = {isa = PBXFileReference; lastKnownFileType = sourcecode.swift; path = ViewController.swift; sourceTree = "<group>"; };
		7DC372BC2B6D7027001ABD39 /* Base */ = {isa = PBXFileReference; lastKnownFileType = file.storyboard; name = Base; path = Base.lproj/Main.storyboard; sourceTree = "<group>"; };
		7DC372BE2B6D7029001ABD39 /* Assets.xcassets */ = {isa = PBXFileReference; lastKnownFileType = folder.assetcatalog; path = Assets.xcassets; sourceTree = "<group>"; };
		7DC372C12B6D7029001ABD39 /* Base */ = {isa = PBXFileReference; lastKnownFileType = file.storyboard; name = Base; path = Base.lproj/LaunchScreen.storyboard; sourceTree = "<group>"; };
		7DC372C32B6D7029001ABD39 /* Info.plist */ = {isa = PBXFileReference; lastKnownFileType = text.plist.xml; path = Info.plist; sourceTree = "<group>"; };
		7DC372C82B6D7029001ABD39 /* TarefasTests.xctest */ = {isa = PBXFileReference; explicitFileType = wrapper.cfbundle; includeInIndex = 0; path = TarefasTests.xctest; sourceTree = BUILT_PRODUCTS_DIR; };
		7DC372CC2B6D7029001ABD39 /* TarefasTests.swift */ = {isa = PBXFileReference; lastKnownFileType = sourcecode.swift; path = TarefasTests.swift; sourceTree = "<group>"; };
		7DC372D22B6D7029001ABD39 /* TarefasUITests.xctest */ = {isa = PBXFileReference; explicitFileType = wrapper.cfbundle; includeInIndex = 0; path = TarefasUITests.xctest; sourceTree = BUILT_PRODUCTS_DIR; };
		7DC372D62B6D7029001ABD39 /* TarefasUITests.swift */ = {isa = PBXFileReference; lastKnownFileType = sourcecode.swift; path = TarefasUITests.swift; sourceTree = "<group>"; };
		7DC372D82B6D7029001ABD39 /* TarefasUITestsLaunchTests.swift */ = {isa = PBXFileReference; lastKnownFileType = sourcecode.swift; path = TarefasUITestsLaunchTests.swift; sourceTree = "<group>"; };
		7DC372E52B6D70FE001ABD39 /* Sources */ = {isa = PBXFileReference; lastKnownFileType = folder; path = Sources; sourceTree = "<group>"; };
		8B136F6A653A2F8E1504447C /* Pods_TarefasTests.framework */ = {isa = PBXFileReference; explicitFileType = wrapper.framework; includeInIndex = 0; path = Pods_TarefasTests.framework; sourceTree = BUILT_PRODUCTS_DIR; };
		AD3D0C5A6F69A0044E0FE405 /* Pods-Tarefas-TarefasUITests.release.xcconfig */ = {isa = PBXFileReference; includeInIndex = 1; lastKnownFileType = text.xcconfig; name = "Pods-Tarefas-TarefasUITests.release.xcconfig"; path = "Target Support Files/Pods-Tarefas-TarefasUITests/Pods-Tarefas-TarefasUITests.release.xcconfig"; sourceTree = "<group>"; };
		BE3B9B436118F5B46509620B /* Pods-TarefasTests.release.xcconfig */ = {isa = PBXFileReference; includeInIndex = 1; lastKnownFileType = text.xcconfig; name = "Pods-TarefasTests.release.xcconfig"; path = "Target Support Files/Pods-TarefasTests/Pods-TarefasTests.release.xcconfig"; sourceTree = "<group>"; };
		C28B40526DDA04A9F5A6FB92 /* Pods_Tarefas.framework */ = {isa = PBXFileReference; explicitFileType = wrapper.framework; includeInIndex = 0; path = Pods_Tarefas.framework; sourceTree = BUILT_PRODUCTS_DIR; };
		C7188BA641D306CD77AEA148 /* Pods_Tarefas_TarefasUITests.framework */ = {isa = PBXFileReference; explicitFileType = wrapper.framework; includeInIndex = 0; path = Pods_Tarefas_TarefasUITests.framework; sourceTree = BUILT_PRODUCTS_DIR; };
		D27177B023F9477469C59F18 /* Pods-Tarefas-TarefasUITests.debug.xcconfig */ = {isa = PBXFileReference; includeInIndex = 1; lastKnownFileType = text.xcconfig; name = "Pods-Tarefas-TarefasUITests.debug.xcconfig"; path = "Target Support Files/Pods-Tarefas-TarefasUITests/Pods-Tarefas-TarefasUITests.debug.xcconfig"; sourceTree = "<group>"; };
/* End PBXFileReference section */

/* Begin PBXFrameworksBuildPhase section */
		7DC372AF2B6D7026001ABD39 /* Frameworks */ = {
			isa = PBXFrameworksBuildPhase;
			buildActionMask = 2147483647;
			files = (
				77A6489B1AC09FA6FC5C0EF8 /* Pods_Tarefas.framework in Frameworks */,
			);
			runOnlyForDeploymentPostprocessing = 0;
		};
		7DC372C52B6D7029001ABD39 /* Frameworks */ = {
			isa = PBXFrameworksBuildPhase;
			buildActionMask = 2147483647;
			files = (
				694667B022811A35EA818EBE /* Pods_TarefasTests.framework in Frameworks */,
			);
			runOnlyForDeploymentPostprocessing = 0;
		};
		7DC372CF2B6D7029001ABD39 /* Frameworks */ = {
			isa = PBXFrameworksBuildPhase;
			buildActionMask = 2147483647;
			files = (
				A63B38E531066A9C9146B482 /* Pods_Tarefas_TarefasUITests.framework in Frameworks */,
			);
			runOnlyForDeploymentPostprocessing = 0;
		};
/* End PBXFrameworksBuildPhase section */

/* Begin PBXGroup section */
		7DC372A92B6D7026001ABD39 = {
			isa = PBXGroup;
			children = (
				7DC372B42B6D7026001ABD39 /* Tarefas */,
				7DC372CB2B6D7029001ABD39 /* TarefasTests */,
				7DC372D52B6D7029001ABD39 /* TarefasUITests */,
				7DC372B32B6D7026001ABD39 /* Products */,
				91A02169C00B0182D3684443 /* Pods */,
				D5DCF2D46E14548080CCF98F /* Frameworks */,
			);
			sourceTree = "<group>";
		};
		7DC372B32B6D7026001ABD39 /* Products */ = {
			isa = PBXGroup;
			children = (
				7DC372B22B6D7026001ABD39 /* Tarefas.app */,
				7DC372C82B6D7029001ABD39 /* TarefasTests.xctest */,
				7DC372D22B6D7029001ABD39 /* TarefasUITests.xctest */,
			);
			name = Products;
			sourceTree = "<group>";
		};
		7DC372B42B6D7026001ABD39 /* Tarefas */ = {
			isa = PBXGroup;
			children = (
				7DC372E52B6D70FE001ABD39 /* Sources */,
				7DC372B52B6D7026001ABD39 /* AppDelegate.swift */,
				7DC372B72B6D7026001ABD39 /* SceneDelegate.swift */,
				7DC372B92B6D7026001ABD39 /* ViewController.swift */,
				7DC372BB2B6D7027001ABD39 /* Main.storyboard */,
				7DC372BE2B6D7029001ABD39 /* Assets.xcassets */,
				7DC372C02B6D7029001ABD39 /* LaunchScreen.storyboard */,
				7DC372C32B6D7029001ABD39 /* Info.plist */,
			);
			path = Tarefas;
			sourceTree = "<group>";
		};
		7DC372CB2B6D7029001ABD39 /* TarefasTests */ = {
			isa = PBXGroup;
			children = (
				7DC372CC2B6D7029001ABD39 /* TarefasTests.swift */,
			);
			path = TarefasTests;
			sourceTree = "<group>";
		};
		7DC372D52B6D7029001ABD39 /* TarefasUITests */ = {
			isa = PBXGroup;
			children = (
				7DC372D62B6D7029001ABD39 /* TarefasUITests.swift */,
				7DC372D82B6D7029001ABD39 /* TarefasUITestsLaunchTests.swift */,
			);
			path = TarefasUITests;
			sourceTree = "<group>";
		};
		91A02169C00B0182D3684443 /* Pods */ = {
			isa = PBXGroup;
			children = (
				416ED34D4DBCB316141B2B16 /* Pods-Tarefas.debug.xcconfig */,
				668056C3A92717F3DFD658CE /* Pods-Tarefas.release.xcconfig */,
				D27177B023F9477469C59F18 /* Pods-Tarefas-TarefasUITests.debug.xcconfig */,
				AD3D0C5A6F69A0044E0FE405 /* Pods-Tarefas-TarefasUITests.release.xcconfig */,
				26B937286C108C82C140AC6F /* Pods-TarefasTests.debug.xcconfig */,
				BE3B9B436118F5B46509620B /* Pods-TarefasTests.release.xcconfig */,
			);
			name = Pods;
			path = Pods;
			sourceTree = "<group>";
		};
		D5DCF2D46E14548080CCF98F /* Frameworks */ = {
			isa = PBXGroup;
			children = (
				C28B40526DDA04A9F5A6FB92 /* Pods_Tarefas.framework */,
				C7188BA641D306CD77AEA148 /* Pods_Tarefas_TarefasUITests.framework */,
				8B136F6A653A2F8E1504447C /* Pods_TarefasTests.framework */,
			);
			name = Frameworks;
			sourceTree = "<group>";
		};
/* End PBXGroup section */

/* Begin PBXNativeTarget section */
		7DC372B12B6D7026001ABD39 /* Tarefas */ = {
			isa = PBXNativeTarget;
			buildConfigurationList = 7DC372DC2B6D7029001ABD39 /* Build configuration list for PBXNativeTarget "Tarefas" */;
			buildPhases = (
				25BBAE11E4B38C2D5BD31CAC /* [CP] Check Pods Manifest.lock */,
				7DC372AE2B6D7026001ABD39 /* Sources */,
				7DC372AF2B6D7026001ABD39 /* Frameworks */,
				7DC372B02B6D7026001ABD39 /* Resources */,
				0B57CBB47BCA373A3FC85896 /* [CP] Embed Pods Frameworks */,
			);
			buildRules = (
			);
			dependencies = (
			);
			name = Tarefas;
			productName = Tarefas;
			productReference = 7DC372B22B6D7026001ABD39 /* Tarefas.app */;
			productType = "com.apple.product-type.application";
		};
		7DC372C72B6D7029001ABD39 /* TarefasTests */ = {
			isa = PBXNativeTarget;
			buildConfigurationList = 7DC372DF2B6D7029001ABD39 /* Build configuration list for PBXNativeTarget "TarefasTests" */;
			buildPhases = (
				CF8037EE7CBE95ECD90FFE6F /* [CP] Check Pods Manifest.lock */,
				7DC372C42B6D7029001ABD39 /* Sources */,
				7DC372C52B6D7029001ABD39 /* Frameworks */,
				7DC372C62B6D7029001ABD39 /* Resources */,
			);
			buildRules = (
			);
			dependencies = (
				7DC372CA2B6D7029001ABD39 /* PBXTargetDependency */,
			);
			name = TarefasTests;
			productName = TarefasTests;
			productReference = 7DC372C82B6D7029001ABD39 /* TarefasTests.xctest */;
			productType = "com.apple.product-type.bundle.unit-test";
		};
		7DC372D12B6D7029001ABD39 /* TarefasUITests */ = {
			isa = PBXNativeTarget;
			buildConfigurationList = 7DC372E22B6D7029001ABD39 /* Build configuration list for PBXNativeTarget "TarefasUITests" */;
			buildPhases = (
				0F35EF51BD5E4DD65CB481FD /* [CP] Check Pods Manifest.lock */,
				7DC372CE2B6D7029001ABD39 /* Sources */,
				7DC372CF2B6D7029001ABD39 /* Frameworks */,
				7DC372D02B6D7029001ABD39 /* Resources */,
				EDBA36E16F2C0FEB2C639EE8 /* [CP] Embed Pods Frameworks */,
			);
			buildRules = (
			);
			dependencies = (
				7DC372D42B6D7029001ABD39 /* PBXTargetDependency */,
			);
			name = TarefasUITests;
			productName = TarefasUITests;
			productReference = 7DC372D22B6D7029001ABD39 /* TarefasUITests.xctest */;
			productType = "com.apple.product-type.bundle.ui-testing";
		};
/* End PBXNativeTarget section */

/* Begin PBXProject section */
		7DC372AA2B6D7026001ABD39 /* Project object */ = {
			isa = PBXProject;
			attributes = {
				BuildIndependentTargetsInParallel = 1;
				LastSwiftUpdateCheck = 1520;
				LastUpgradeCheck = 1520;
				TargetAttributes = {
					7DC372B12B6D7026001ABD39 = {
						CreatedOnToolsVersion = 15.2;
					};
					7DC372C72B6D7029001ABD39 = {
						CreatedOnToolsVersion = 15.2;
						TestTargetID = 7DC372B12B6D7026001ABD39;
					};
					7DC372D12B6D7029001ABD39 = {
						CreatedOnToolsVersion = 15.2;
						TestTargetID = 7DC372B12B6D7026001ABD39;
					};
				};
			};
			buildConfigurationList = 7DC372AD2B6D7026001ABD39 /* Build configuration list for PBXProject "Tarefas" */;
			compatibilityVersion = "Xcode 14.0";
			developmentRegion = en;
			hasScannedForEncodings = 0;
			knownRegions = (
				en,
				Base,
			);
			mainGroup = 7DC372A92B6D7026001ABD39;
			productRefGroup = 7DC372B32B6D7026001ABD39 /* Products */;
			projectDirPath = "";
			projectRoot = "";
			targets = (
				7DC372B12B6D7026001ABD39 /* Tarefas */,
				7DC372C72B6D7029001ABD39 /* TarefasTests */,
				7DC372D12B6D7029001ABD39 /* TarefasUITests */,
			);
		};
/* End PBXProject section */

/* Begin PBXResourcesBuildPhase section */
		7DC372B02B6D7026001ABD39 /* Resources */ = {
			isa = PBXResourcesBuildPhase;
			buildActionMask = 2147483647;
			files = (
				7DC372C22B6D7029001ABD39 /* LaunchScreen.storyboard in Resources */,
				7DC372BF2B6D7029001ABD39 /* Assets.xcassets in Resources */,
				7DC372BD2B6D7027001ABD39 /* Main.storyboard in Resources */,
				7DC372E62B6D70FF001ABD39 /* Sources in Resources */,
			);
			runOnlyForDeploymentPostprocessing = 0;
		};
		7DC372C62B6D7029001ABD39 /* Resources */ = {
			isa = PBXResourcesBuildPhase;
			buildActionMask = 2147483647;
			files = (
			);
			runOnlyForDeploymentPostprocessing = 0;
		};
		7DC372D02B6D7029001ABD39 /* Resources */ = {
			isa = PBXResourcesBuildPhase;
			buildActionMask = 2147483647;
			files = (
			);
			runOnlyForDeploymentPostprocessing = 0;
		};
/* End PBXResourcesBuildPhase section */

/* Begin PBXShellScriptBuildPhase section */
		0B57CBB47BCA373A3FC85896 /* [CP] Embed Pods Frameworks */ = {
			isa = PBXShellScriptBuildPhase;
			buildActionMask = 2147483647;
			files = (
			);
			inputFileListPaths = (
				"${PODS_ROOT}/Target Support Files/Pods-Tarefas/Pods-Tarefas-frameworks-${CONFIGURATION}-input-files.xcfilelist",
			);
			name = "[CP] Embed Pods Frameworks";
			outputFileListPaths = (
				"${PODS_ROOT}/Target Support Files/Pods-Tarefas/Pods-Tarefas-frameworks-${CONFIGURATION}-output-files.xcfilelist",
			);
			runOnlyForDeploymentPostprocessing = 0;
			shellPath = /bin/sh;
			shellScript = "\"${PODS_ROOT}/Target Support Files/Pods-Tarefas/Pods-Tarefas-frameworks.sh\"\n";
			showEnvVarsInLog = 0;
		};
		0F35EF51BD5E4DD65CB481FD /* [CP] Check Pods Manifest.lock */ = {
			isa = PBXShellScriptBuildPhase;
			buildActionMask = 2147483647;
			files = (
			);
			inputFileListPaths = (
			);
			inputPaths = (
				"${PODS_PODFILE_DIR_PATH}/Podfile.lock",
				"${PODS_ROOT}/Manifest.lock",
			);
			name = "[CP] Check Pods Manifest.lock";
			outputFileListPaths = (
			);
			outputPaths = (
				"$(DERIVED_FILE_DIR)/Pods-Tarefas-TarefasUITests-checkManifestLockResult.txt",
			);
			runOnlyForDeploymentPostprocessing = 0;
			shellPath = /bin/sh;
			shellScript = "diff \"${PODS_PODFILE_DIR_PATH}/Podfile.lock\" \"${PODS_ROOT}/Manifest.lock\" > /dev/null\nif [ $? != 0 ] ; then\n    # print error to STDERR\n    echo \"error: The sandbox is not in sync with the Podfile.lock. Run 'pod install' or update your CocoaPods installation.\" >&2\n    exit 1\nfi\n# This output is used by Xcode 'outputs' to avoid re-running this script phase.\necho \"SUCCESS\" > \"${SCRIPT_OUTPUT_FILE_0}\"\n";
			showEnvVarsInLog = 0;
		};
		25BBAE11E4B38C2D5BD31CAC /* [CP] Check Pods Manifest.lock */ = {
			isa = PBXShellScriptBuildPhase;
			buildActionMask = 2147483647;
			files = (
			);
			inputFileListPaths = (
			);
			inputPaths = (
				"${PODS_PODFILE_DIR_PATH}/Podfile.lock",
				"${PODS_ROOT}/Manifest.lock",
			);
			name = "[CP] Check Pods Manifest.lock";
			outputFileListPaths = (
			);
			outputPaths = (
				"$(DERIVED_FILE_DIR)/Pods-Tarefas-checkManifestLockResult.txt",
			);
			runOnlyForDeploymentPostprocessing = 0;
			shellPath = /bin/sh;
			shellScript = "diff \"${PODS_PODFILE_DIR_PATH}/Podfile.lock\" \"${PODS_ROOT}/Manifest.lock\" > /dev/null\nif [ $? != 0 ] ; then\n    # print error to STDERR\n    echo \"error: The sandbox is not in sync with the Podfile.lock. Run 'pod install' or update your CocoaPods installation.\" >&2\n    exit 1\nfi\n# This output is used by Xcode 'outputs' to avoid re-running this script phase.\necho \"SUCCESS\" > \"${SCRIPT_OUTPUT_FILE_0}\"\n";
			showEnvVarsInLog = 0;
		};
		CF8037EE7CBE95ECD90FFE6F /* [CP] Check Pods Manifest.lock */ = {
			isa = PBXShellScriptBuildPhase;
			buildActionMask = 2147483647;
			files = (
			);
			inputFileListPaths = (
			);
			inputPaths = (
				"${PODS_PODFILE_DIR_PATH}/Podfile.lock",
				"${PODS_ROOT}/Manifest.lock",
			);
			name = "[CP] Check Pods Manifest.lock";
			outputFileListPaths = (
			);
			outputPaths = (
				"$(DERIVED_FILE_DIR)/Pods-TarefasTests-checkManifestLockResult.txt",
			);
			runOnlyForDeploymentPostprocessing = 0;
			shellPath = /bin/sh;
			shellScript = "diff \"${PODS_PODFILE_DIR_PATH}/Podfile.lock\" \"${PODS_ROOT}/Manifest.lock\" > /dev/null\nif [ $? != 0 ] ; then\n    # print error to STDERR\n    echo \"error: The sandbox is not in sync with the Podfile.lock. Run 'pod install' or update your CocoaPods installation.\" >&2\n    exit 1\nfi\n# This output is used by Xcode 'outputs' to avoid re-running this script phase.\necho \"SUCCESS\" > \"${SCRIPT_OUTPUT_FILE_0}\"\n";
			showEnvVarsInLog = 0;
		};
		EDBA36E16F2C0FEB2C639EE8 /* [CP] Embed Pods Frameworks */ = {
			isa = PBXShellScriptBuildPhase;
			buildActionMask = 2147483647;
			files = (
			);
			inputFileListPaths = (
				"${PODS_ROOT}/Target Support Files/Pods-Tarefas-TarefasUITests/Pods-Tarefas-TarefasUITests-frameworks-${CONFIGURATION}-input-files.xcfilelist",
			);
			name = "[CP] Embed Pods Frameworks";
			outputFileListPaths = (
				"${PODS_ROOT}/Target Support Files/Pods-Tarefas-TarefasUITests/Pods-Tarefas-TarefasUITests-frameworks-${CONFIGURATION}-output-files.xcfilelist",
			);
			runOnlyForDeploymentPostprocessing = 0;
			shellPath = /bin/sh;
			shellScript = "\"${PODS_ROOT}/Target Support Files/Pods-Tarefas-TarefasUITests/Pods-Tarefas-TarefasUITests-frameworks.sh\"\n";
			showEnvVarsInLog = 0;
		};
/* End PBXShellScriptBuildPhase section */

/* Begin PBXSourcesBuildPhase section */
		7DC372AE2B6D7026001ABD39 /* Sources */ = {
			isa = PBXSourcesBuildPhase;
			buildActionMask = 2147483647;
			files = (
				7DC372BA2B6D7026001ABD39 /* ViewController.swift in Sources */,
				7DC372B62B6D7026001ABD39 /* AppDelegate.swift in Sources */,
				7DC372B82B6D7026001ABD39 /* SceneDelegate.swift in Sources */,
			);
			runOnlyForDeploymentPostprocessing = 0;
		};
		7DC372C42B6D7029001ABD39 /* Sources */ = {
			isa = PBXSourcesBuildPhase;
			buildActionMask = 2147483647;
			files = (
				7DC372CD2B6D7029001ABD39 /* TarefasTests.swift in Sources */,
			);
			runOnlyForDeploymentPostprocessing = 0;
		};
		7DC372CE2B6D7029001ABD39 /* Sources */ = {
			isa = PBXSourcesBuildPhase;
			buildActionMask = 2147483647;
			files = (
				7DC372D72B6D7029001ABD39 /* TarefasUITests.swift in Sources */,
				7DC372D92B6D7029001ABD39 /* TarefasUITestsLaunchTests.swift in Sources */,
			);
			runOnlyForDeploymentPostprocessing = 0;
		};
/* End PBXSourcesBuildPhase section */

/* Begin PBXTargetDependency section */
		7DC372CA2B6D7029001ABD39 /* PBXTargetDependency */ = {
			isa = PBXTargetDependency;
			target = 7DC372B12B6D7026001ABD39 /* Tarefas */;
			targetProxy = 7DC372C92B6D7029001ABD39 /* PBXContainerItemProxy */;
		};
		7DC372D42B6D7029001ABD39 /* PBXTargetDependency */ = {
			isa = PBXTargetDependency;
			target = 7DC372B12B6D7026001ABD39 /* Tarefas */;
			targetProxy = 7DC372D32B6D7029001ABD39 /* PBXContainerItemProxy */;
		};
/* End PBXTargetDependency section */

/* Begin PBXVariantGroup section */
		7DC372BB2B6D7027001ABD39 /* Main.storyboard */ = {
			isa = PBXVariantGroup;
			children = (
				7DC372BC2B6D7027001ABD39 /* Base */,
			);
			name = Main.storyboard;
			sourceTree = "<group>";
		};
		7DC372C02B6D7029001ABD39 /* LaunchScreen.storyboard */ = {
			isa = PBXVariantGroup;
			children = (
				7DC372C12B6D7029001ABD39 /* Base */,
			);
			name = LaunchScreen.storyboard;
			sourceTree = "<group>";
		};
/* End PBXVariantGroup section */

/* Begin XCBuildConfiguration section */
		7DC372DA2B6D7029001ABD39 /* Debug */ = {
			isa = XCBuildConfiguration;
			buildSettings = {
				ALWAYS_SEARCH_USER_PATHS = NO;
				ASSETCATALOG_COMPILER_GENERATE_SWIFT_ASSET_SYMBOL_EXTENSIONS = YES;
				CLANG_ANALYZER_NONNULL = YES;
				CLANG_ANALYZER_NUMBER_OBJECT_CONVERSION = YES_AGGRESSIVE;
				CLANG_CXX_LANGUAGE_STANDARD = "gnu++20";
				CLANG_ENABLE_MODULES = YES;
				CLANG_ENABLE_OBJC_ARC = YES;
				CLANG_ENABLE_OBJC_WEAK = YES;
				CLANG_WARN_BLOCK_CAPTURE_AUTORELEASING = YES;
				CLANG_WARN_BOOL_CONVERSION = YES;
				CLANG_WARN_COMMA = YES;
				CLANG_WARN_CONSTANT_CONVERSION = YES;
				CLANG_WARN_DEPRECATED_OBJC_IMPLEMENTATIONS = YES;
				CLANG_WARN_DIRECT_OBJC_ISA_USAGE = YES_ERROR;
				CLANG_WARN_DOCUMENTATION_COMMENTS = YES;
				CLANG_WARN_EMPTY_BODY = YES;
				CLANG_WARN_ENUM_CONVERSION = YES;
				CLANG_WARN_INFINITE_RECURSION = YES;
				CLANG_WARN_INT_CONVERSION = YES;
				CLANG_WARN_NON_LITERAL_NULL_CONVERSION = YES;
				CLANG_WARN_OBJC_IMPLICIT_RETAIN_SELF = YES;
				CLANG_WARN_OBJC_LITERAL_CONVERSION = YES;
				CLANG_WARN_OBJC_ROOT_CLASS = YES_ERROR;
				CLANG_WARN_QUOTED_INCLUDE_IN_FRAMEWORK_HEADER = YES;
				CLANG_WARN_RANGE_LOOP_ANALYSIS = YES;
				CLANG_WARN_STRICT_PROTOTYPES = YES;
				CLANG_WARN_SUSPICIOUS_MOVE = YES;
				CLANG_WARN_UNGUARDED_AVAILABILITY = YES_AGGRESSIVE;
				CLANG_WARN_UNREACHABLE_CODE = YES;
				CLANG_WARN__DUPLICATE_METHOD_MATCH = YES;
				COPY_PHASE_STRIP = NO;
				DEBUG_INFORMATION_FORMAT = dwarf;
				ENABLE_STRICT_OBJC_MSGSEND = YES;
				ENABLE_TESTABILITY = YES;
				ENABLE_USER_SCRIPT_SANDBOXING = YES;
				GCC_C_LANGUAGE_STANDARD = gnu17;
				GCC_DYNAMIC_NO_PIC = NO;
				GCC_NO_COMMON_BLOCKS = YES;
				GCC_OPTIMIZATION_LEVEL = 0;
				GCC_PREPROCESSOR_DEFINITIONS = (
					"DEBUG=1",
					"$(inherited)",
				);
				GCC_WARN_64_TO_32_BIT_CONVERSION = YES;
				GCC_WARN_ABOUT_RETURN_TYPE = YES_ERROR;
				GCC_WARN_UNDECLARED_SELECTOR = YES;
				GCC_WARN_UNINITIALIZED_AUTOS = YES_AGGRESSIVE;
				GCC_WARN_UNUSED_FUNCTION = YES;
				GCC_WARN_UNUSED_VARIABLE = YES;
				IPHONEOS_DEPLOYMENT_TARGET = 17.2;
				LOCALIZATION_PREFERS_STRING_CATALOGS = YES;
				MTL_ENABLE_DEBUG_INFO = INCLUDE_SOURCE;
				MTL_FAST_MATH = YES;
				ONLY_ACTIVE_ARCH = YES;
				SDKROOT = iphoneos;
				SWIFT_ACTIVE_COMPILATION_CONDITIONS = "DEBUG $(inherited)";
				SWIFT_OPTIMIZATION_LEVEL = "-Onone";
			};
			name = Debug;
		};
		7DC372DB2B6D7029001ABD39 /* Release */ = {
			isa = XCBuildConfiguration;
			buildSettings = {
				ALWAYS_SEARCH_USER_PATHS = NO;
				ASSETCATALOG_COMPILER_GENERATE_SWIFT_ASSET_SYMBOL_EXTENSIONS = YES;
				CLANG_ANALYZER_NONNULL = YES;
				CLANG_ANALYZER_NUMBER_OBJECT_CONVERSION = YES_AGGRESSIVE;
				CLANG_CXX_LANGUAGE_STANDARD = "gnu++20";
				CLANG_ENABLE_MODULES = YES;
				CLANG_ENABLE_OBJC_ARC = YES;
				CLANG_ENABLE_OBJC_WEAK = YES;
				CLANG_WARN_BLOCK_CAPTURE_AUTORELEASING = YES;
				CLANG_WARN_BOOL_CONVERSION = YES;
				CLANG_WARN_COMMA = YES;
				CLANG_WARN_CONSTANT_CONVERSION = YES;
				CLANG_WARN_DEPRECATED_OBJC_IMPLEMENTATIONS = YES;
				CLANG_WARN_DIRECT_OBJC_ISA_USAGE = YES_ERROR;
				CLANG_WARN_DOCUMENTATION_COMMENTS = YES;
				CLANG_WARN_EMPTY_BODY = YES;
				CLANG_WARN_ENUM_CONVERSION = YES;
				CLANG_WARN_INFINITE_RECURSION = YES;
				CLANG_WARN_INT_CONVERSION = YES;
				CLANG_WARN_NON_LITERAL_NULL_CONVERSION = YES;
				CLANG_WARN_OBJC_IMPLICIT_RETAIN_SELF = YES;
				CLANG_WARN_OBJC_LITERAL_CONVERSION = YES;
				CLANG_WARN_OBJC_ROOT_CLASS = YES_ERROR;
				CLANG_WARN_QUOTED_INCLUDE_IN_FRAMEWORK_HEADER = YES;
				CLANG_WARN_RANGE_LOOP_ANALYSIS = YES;
				CLANG_WARN_STRICT_PROTOTYPES = YES;
				CLANG_WARN_SUSPICIOUS_MOVE = YES;
				CLANG_WARN_UNGUARDED_AVAILABILITY = YES_AGGRESSIVE;
				CLANG_WARN_UNREACHABLE_CODE = YES;
				CLANG_WARN__DUPLICATE_METHOD_MATCH = YES;
				COPY_PHASE_STRIP = NO;
				DEBUG_INFORMATION_FORMAT = "dwarf-with-dsym";
				ENABLE_NS_ASSERTIONS = NO;
				ENABLE_STRICT_OBJC_MSGSEND = YES;
				ENABLE_USER_SCRIPT_SANDBOXING = YES;
				GCC_C_LANGUAGE_STANDARD = gnu17;
				GCC_NO_COMMON_BLOCKS = YES;
				GCC_WARN_64_TO_32_BIT_CONVERSION = YES;
				GCC_WARN_ABOUT_RETURN_TYPE = YES_ERROR;
				GCC_WARN_UNDECLARED_SELECTOR = YES;
				GCC_WARN_UNINITIALIZED_AUTOS = YES_AGGRESSIVE;
				GCC_WARN_UNUSED_FUNCTION = YES;
				GCC_WARN_UNUSED_VARIABLE = YES;
				IPHONEOS_DEPLOYMENT_TARGET = 17.2;
				LOCALIZATION_PREFERS_STRING_CATALOGS = YES;
				MTL_ENABLE_DEBUG_INFO = NO;
				MTL_FAST_MATH = YES;
				SDKROOT = iphoneos;
				SWIFT_COMPILATION_MODE = wholemodule;
				VALIDATE_PRODUCT = YES;
			};
			name = Release;
		};
		7DC372DD2B6D7029001ABD39 /* Debug */ = {
			isa = XCBuildConfiguration;
			baseConfigurationReference = 416ED34D4DBCB316141B2B16 /* Pods-Tarefas.debug.xcconfig */;
			buildSettings = {
				ASSETCATALOG_COMPILER_APPICON_NAME = AppIcon;
				ASSETCATALOG_COMPILER_GLOBAL_ACCENT_COLOR_NAME = AccentColor;
				CODE_SIGN_STYLE = Automatic;
				CURRENT_PROJECT_VERSION = 1;
				DEVELOPMENT_TEAM = X38G33KM7M;
				GENERATE_INFOPLIST_FILE = YES;
				INFOPLIST_FILE = Tarefas/Info.plist;
				INFOPLIST_KEY_UIApplicationSupportsIndirectInputEvents = YES;
				INFOPLIST_KEY_UILaunchStoryboardName = LaunchScreen;
				INFOPLIST_KEY_UIMainStoryboardFile = Main;
				INFOPLIST_KEY_UISupportedInterfaceOrientations = UIInterfaceOrientationPortrait;
				INFOPLIST_KEY_UISupportedInterfaceOrientations_iPad = "UIInterfaceOrientationLandscapeLeft UIInterfaceOrientationLandscapeRight UIInterfaceOrientationPortrait UIInterfaceOrientationPortraitUpsideDown";
				IPHONEOS_DEPLOYMENT_TARGET = 15.0;
				LD_RUNPATH_SEARCH_PATHS = (
					"$(inherited)",
					"@executable_path/Frameworks",
				);
				MARKETING_VERSION = 1.0;
				PRODUCT_BUNDLE_IDENTIFIER = Alves.Patrick.Tarefas;
				PRODUCT_NAME = "$(TARGET_NAME)";
				SUPPORTED_PLATFORMS = "iphoneos iphonesimulator";
				SUPPORTS_MACCATALYST = NO;
				SUPPORTS_MAC_DESIGNED_FOR_IPHONE_IPAD = NO;
				SUPPORTS_XR_DESIGNED_FOR_IPHONE_IPAD = NO;
				SWIFT_EMIT_LOC_STRINGS = YES;
				SWIFT_VERSION = 5.0;
				TARGETED_DEVICE_FAMILY = 1;
			};
			name = Debug;
		};
		7DC372DE2B6D7029001ABD39 /* Release */ = {
			isa = XCBuildConfiguration;
			baseConfigurationReference = 668056C3A92717F3DFD658CE /* Pods-Tarefas.release.xcconfig */;
			buildSettings = {
				ASSETCATALOG_COMPILER_APPICON_NAME = AppIcon;
				ASSETCATALOG_COMPILER_GLOBAL_ACCENT_COLOR_NAME = AccentColor;
				CODE_SIGN_STYLE = Automatic;
				CURRENT_PROJECT_VERSION = 1;
				DEVELOPMENT_TEAM = X38G33KM7M;
				GENERATE_INFOPLIST_FILE = YES;
				INFOPLIST_FILE = Tarefas/Info.plist;
				INFOPLIST_KEY_UIApplicationSupportsIndirectInputEvents = YES;
				INFOPLIST_KEY_UILaunchStoryboardName = LaunchScreen;
				INFOPLIST_KEY_UIMainStoryboardFile = Main;
				INFOPLIST_KEY_UISupportedInterfaceOrientations = UIInterfaceOrientationPortrait;
				INFOPLIST_KEY_UISupportedInterfaceOrientations_iPad = "UIInterfaceOrientationLandscapeLeft UIInterfaceOrientationLandscapeRight UIInterfaceOrientationPortrait UIInterfaceOrientationPortraitUpsideDown";
				IPHONEOS_DEPLOYMENT_TARGET = 15.0;
				LD_RUNPATH_SEARCH_PATHS = (
					"$(inherited)",
					"@executable_path/Frameworks",
				);
				MARKETING_VERSION = 1.0;
				PRODUCT_BUNDLE_IDENTIFIER = Alves.Patrick.Tarefas;
				PRODUCT_NAME = "$(TARGET_NAME)";
				SUPPORTED_PLATFORMS = "iphoneos iphonesimulator";
				SUPPORTS_MACCATALYST = NO;
				SUPPORTS_MAC_DESIGNED_FOR_IPHONE_IPAD = NO;
				SUPPORTS_XR_DESIGNED_FOR_IPHONE_IPAD = NO;
				SWIFT_EMIT_LOC_STRINGS = YES;
				SWIFT_VERSION = 5.0;
				TARGETED_DEVICE_FAMILY = 1;
			};
			name = Release;
		};
		7DC372E02B6D7029001ABD39 /* Debug */ = {
			isa = XCBuildConfiguration;
			baseConfigurationReference = 26B937286C108C82C140AC6F /* Pods-TarefasTests.debug.xcconfig */;
			buildSettings = {
				ALWAYS_EMBED_SWIFT_STANDARD_LIBRARIES = YES;
				BUNDLE_LOADER = "$(TEST_HOST)";
				CODE_SIGN_STYLE = Automatic;
				CURRENT_PROJECT_VERSION = 1;
				DEVELOPMENT_TEAM = X38G33KM7M;
				GENERATE_INFOPLIST_FILE = YES;
				IPHONEOS_DEPLOYMENT_TARGET = 17.2;
				MARKETING_VERSION = 1.0;
				PRODUCT_BUNDLE_IDENTIFIER = Alves.Patrick.TarefasTests;
				PRODUCT_NAME = "$(TARGET_NAME)";
				SWIFT_EMIT_LOC_STRINGS = NO;
				SWIFT_VERSION = 5.0;
				TARGETED_DEVICE_FAMILY = "1,2";
				TEST_HOST = "$(BUILT_PRODUCTS_DIR)/Tarefas.app/$(BUNDLE_EXECUTABLE_FOLDER_PATH)/Tarefas";
			};
			name = Debug;
		};
		7DC372E12B6D7029001ABD39 /* Release */ = {
			isa = XCBuildConfiguration;
			baseConfigurationReference = BE3B9B436118F5B46509620B /* Pods-TarefasTests.release.xcconfig */;
			buildSettings = {
				ALWAYS_EMBED_SWIFT_STANDARD_LIBRARIES = YES;
				BUNDLE_LOADER = "$(TEST_HOST)";
				CODE_SIGN_STYLE = Automatic;
				CURRENT_PROJECT_VERSION = 1;
				DEVELOPMENT_TEAM = X38G33KM7M;
				GENERATE_INFOPLIST_FILE = YES;
				IPHONEOS_DEPLOYMENT_TARGET = 17.2;
				MARKETING_VERSION = 1.0;
				PRODUCT_BUNDLE_IDENTIFIER = Alves.Patrick.TarefasTests;
				PRODUCT_NAME = "$(TARGET_NAME)";
				SWIFT_EMIT_LOC_STRINGS = NO;
				SWIFT_VERSION = 5.0;
				TARGETED_DEVICE_FAMILY = "1,2";
				TEST_HOST = "$(BUILT_PRODUCTS_DIR)/Tarefas.app/$(BUNDLE_EXECUTABLE_FOLDER_PATH)/Tarefas";
			};
			name = Release;
		};
		7DC372E32B6D7029001ABD39 /* Debug */ = {
			isa = XCBuildConfiguration;
			baseConfigurationReference = D27177B023F9477469C59F18 /* Pods-Tarefas-TarefasUITests.debug.xcconfig */;
			buildSettings = {
				ALWAYS_EMBED_SWIFT_STANDARD_LIBRARIES = YES;
				CODE_SIGN_STYLE = Automatic;
				CURRENT_PROJECT_VERSION = 1;
				DEVELOPMENT_TEAM = X38G33KM7M;
				GENERATE_INFOPLIST_FILE = YES;
				MARKETING_VERSION = 1.0;
				PRODUCT_BUNDLE_IDENTIFIER = Alves.Patrick.TarefasUITests;
				PRODUCT_NAME = "$(TARGET_NAME)";
				SWIFT_EMIT_LOC_STRINGS = NO;
				SWIFT_VERSION = 5.0;
				TARGETED_DEVICE_FAMILY = "1,2";
				TEST_TARGET_NAME = Tarefas;
			};
			name = Debug;
		};
		7DC372E42B6D7029001ABD39 /* Release */ = {
			isa = XCBuildConfiguration;
			baseConfigurationReference = AD3D0C5A6F69A0044E0FE405 /* Pods-Tarefas-TarefasUITests.release.xcconfig */;
			buildSettings = {
				ALWAYS_EMBED_SWIFT_STANDARD_LIBRARIES = YES;
				CODE_SIGN_STYLE = Automatic;
				CURRENT_PROJECT_VERSION = 1;
				DEVELOPMENT_TEAM = X38G33KM7M;
				GENERATE_INFOPLIST_FILE = YES;
				MARKETING_VERSION = 1.0;
				PRODUCT_BUNDLE_IDENTIFIER = Alves.Patrick.TarefasUITests;
				PRODUCT_NAME = "$(TARGET_NAME)";
				SWIFT_EMIT_LOC_STRINGS = NO;
				SWIFT_VERSION = 5.0;
				TARGETED_DEVICE_FAMILY = "1,2";
				TEST_TARGET_NAME = Tarefas;
			};
			name = Release;
		};
/* End XCBuildConfiguration section */

/* Begin XCConfigurationList section */
		7DC372AD2B6D7026001ABD39 /* Build configuration list for PBXProject "Tarefas" */ = {
			isa = XCConfigurationList;
			buildConfigurations = (
				7DC372DA2B6D7029001ABD39 /* Debug */,
				7DC372DB2B6D7029001ABD39 /* Release */,
			);
			defaultConfigurationIsVisible = 0;
			defaultConfigurationName = Release;
		};
		7DC372DC2B6D7029001ABD39 /* Build configuration list for PBXNativeTarget "Tarefas" */ = {
			isa = XCConfigurationList;
			buildConfigurations = (
				7DC372DD2B6D7029001ABD39 /* Debug */,
				7DC372DE2B6D7029001ABD39 /* Release */,
			);
			defaultConfigurationIsVisible = 0;
			defaultConfigurationName = Release;
		};
		7DC372DF2B6D7029001ABD39 /* Build configuration list for PBXNativeTarget "TarefasTests" */ = {
			isa = XCConfigurationList;
			buildConfigurations = (
				7DC372E02B6D7029001ABD39 /* Debug */,
				7DC372E12B6D7029001ABD39 /* Release */,
			);
			defaultConfigurationIsVisible = 0;
			defaultConfigurationName = Release;
		};
		7DC372E22B6D7029001ABD39 /* Build configuration list for PBXNativeTarget "TarefasUITests" */ = {
			isa = XCConfigurationList;
			buildConfigurations = (
				7DC372E32B6D7029001ABD39 /* Debug */,
				7DC372E42B6D7029001ABD39 /* Release */,
			);
			defaultConfigurationIsVisible = 0;
			defaultConfigurationName = Release;
		};
/* End XCConfigurationList section */
	};
	rootObject = 7DC372AA2B6D7026001ABD39 /* Project object */;
}
